<?xml version="1.0" encoding="utf-8"?>
<Project ToolsVersion="4.0" xmlns="http://schemas.microsoft.com/developer/msbuild/2003">
  <ItemGroup>
    <Filter Include="Файлы исходного кода">
      <UniqueIdentifier>{4FC737F1-C7A5-4376-A066-2A32D752A2FF}</UniqueIdentifier>
      <Extensions>cpp;c;cc;cxx;def;odl;idl;hpj;bat;asm;asmx</Extensions>
    </Filter>
    <Filter Include="Заголовочные файлы">
      <UniqueIdentifier>{93995380-89BD-4b04-88EB-625FBE52EBFB}</UniqueIdentifier>
      <Extensions>h;hh;hpp;hxx;hm;inl;inc;xsd</Extensions>
    </Filter>
    <Filter Include="Файлы ресурсов">
      <UniqueIdentifier>{67DA6AB6-F800-4c08-8B7A-83BB121AAD01}</UniqueIdentifier>
      <Extensions>rc;ico;cur;bmp;dlg;rc2;rct;bin;rgs;gif;jpg;jpeg;jpe;resx;tiff;tif;png;wav;mfcribbon-ms</Extensions>
    </Filter>
    <Filter Include="Файлы ресурсов\GameManager">
      <UniqueIdentifier>{e1f969e3-44da-4db5-9538-3b241cb022f6}</UniqueIdentifier>
    </Filter>
    <Filter Include="Файлы ресурсов\ConstantsAndLevels">
      <UniqueIdentifier>{02825a89-9371-41f7-8dce-dbdff22fe632}</UniqueIdentifier>
    </Filter>
    <Filter Include="Файлы ресурсов\HelperClasses">
      <UniqueIdentifier>{e34e09cf-420e-4315-9681-ef719acc2f67}</UniqueIdentifier>
    </Filter>
    <Filter Include="Файлы ресурсов\Hero">
      <UniqueIdentifier>{9d771322-fee3-4738-bd73-b13ad8add849}</UniqueIdentifier>
    </Filter>
    <Filter Include="Файлы ресурсов\HUD">
      <UniqueIdentifier>{f19545a4-4895-47cb-8f10-325081c2bdfe}</UniqueIdentifier>
    </Filter>
    <Filter Include="Файлы ресурсов\2d">
      <UniqueIdentifier>{05fbcad4-6512-40ad-bad7-42738ec33ca5}</UniqueIdentifier>
    </Filter>
  </ItemGroup>
  <ItemGroup>
    <ClCompile Include="main.cpp">
      <Filter>Файлы ресурсов</Filter>
    </ClCompile>
    <ClCompile Include="Game.cpp">
      <Filter>Файлы ресурсов\GameManager</Filter>
    </ClCompile>
    <ClCompile Include="GameObject.cpp">
      <Filter>Файлы ресурсов\GameManager</Filter>
    </ClCompile>
    <ClCompile Include="Improvements.cpp">
      <Filter>Файлы ресурсов\HelperClasses</Filter>
    </ClCompile>
    <ClCompile Include="GO_Cockroach.cpp">
      <Filter>Файлы ресурсов\Hero</Filter>
    </ClCompile>
    <ClCompile Include="GameHUD.cpp">
      <Filter>Файлы ресурсов\HUD</Filter>
    </ClCompile>
    <ClCompile Include="Label.cpp">
      <Filter>Файлы ресурсов\2d</Filter>
    </ClCompile>
    <ClCompile Include="Button.cpp">
      <Filter>Файлы ресурсов\2d</Filter>
    </ClCompile>
  </ItemGroup>
  <ItemGroup>
    <ClInclude Include="Game.h">
      <Filter>Файлы ресурсов\GameManager</Filter>
    </ClInclude>
    <ClInclude Include="GameObject.h">
      <Filter>Файлы ресурсов\GameManager</Filter>
    </ClInclude>
    <ClInclude Include="LibsAndConstants.h">
      <Filter>Файлы ресурсов\ConstantsAndLevels</Filter>
    </ClInclude>
    <ClInclude Include="Levels.h">
      <Filter>Файлы ресурсов\ConstantsAndLevels</Filter>
    </ClInclude>
    <ClInclude Include="Improvements.h">
      <Filter>Файлы ресурсов\HelperClasses</Filter>
    </ClInclude>
    <ClInclude Include="GO_Cockroach.h">
      <Filter>Файлы ресурсов\Hero</Filter>
    </ClInclude>
    <ClInclude Include="GameHUD.h">
      <Filter>Файлы ресурсов\HUD</Filter>
    </ClInclude>
    <ClInclude Include="Label.h">
      <Filter>Файлы ресурсов\2d</Filter>
    </ClInclude>
    <ClInclude Include="Button.h">
      <Filter>Файлы ресурсов\2d</Filter>
    </ClInclude>
  </ItemGroup>
</Project>